
Microsoft Visual Studio Solution File, Format Version 12.00
# Visual Studio 14
VisualStudioVersion = 14.0.25420.1
MinimumVisualStudioVersion = 10.0.40219.1
Project("{FAE04EC0-301F-11D3-BF4B-00C04F79EFBC}") = "Advent2018day2", "Advent2018day2\Advent2018day2.csproj", "{0AC5E0A7-59D3-451C-8AF6-E0C73E20ADCC}"
EndProject
Global
	GlobalSection(SolutionConfigurationPlatforms) = preSolution
		Debug|Any CPU = Debug|Any CPU
		Release|Any CPU = Release|Any CPU
	EndGlobalSection
	GlobalSection(ProjectConfigurationPlatforms) = postSolution
		{0AC5E0A7-59D3-451C-8AF6-E0C73E20ADCC}.Debug|Any CPU.ActiveCfg = Debug|Any CPU
		{0AC5E0A7-59D3-451C-8AF6-E0C73E20ADCC}.Debug|Any CPU.Build.0 = Debug|Any CPU
		{0AC5E0A7-59D3-451C-8AF6-E0C73E20ADCC}.Release|Any CPU.ActiveCfg = Release|Any CPU
		{0AC5E0A7-59D3-451C-8AF6-E0C73E20ADCC}.Release|Any CPU.Build.0 = Release|Any CPU
	EndGlobalSection
	GlobalSection(SolutionProperties) = preSolution
		HideSolutionNode = FALSE
	EndGlobalSection
EndGlobal
